
Microsoft Visual Studio Solution File, Format Version 12.00
# Visual Studio 15
VisualStudioVersion = 15.0.28307.645
MinimumVisualStudioVersion = 10.0.40219.1
Project("{FAE04EC0-301F-11D3-BF4B-00C04F79EFBC}") = "GitExamples", "GitExamples.csproj", "{F06F3D26-6F26-4AAC-B288-FB93791C7087}"
EndProject
Global
	GlobalSection(SolutionConfigurationPlatforms) = preSolution
		Debug|Any CPU = Debug|Any CPU
		Release|Any CPU = Release|Any CPU
	EndGlobalSection
	GlobalSection(ProjectConfigurationPlatforms) = postSolution
		{F06F3D26-6F26-4AAC-B288-FB93791C7087}.Debug|Any CPU.ActiveCfg = Debug|Any CPU
		{F06F3D26-6F26-4AAC-B288-FB93791C7087}.Debug|Any CPU.Build.0 = Debug|Any CPU
		{F06F3D26-6F26-4AAC-B288-FB93791C7087}.Release|Any CPU.ActiveCfg = Release|Any CPU
		{F06F3D26-6F26-4AAC-B288-FB93791C7087}.Release|Any CPU.Build.0 = Release|Any CPU
	EndGlobalSection
	GlobalSection(SolutionProperties) = preSolution
		HideSolutionNode = FALSE
	EndGlobalSection
	GlobalSection(ExtensibilityGlobals) = postSolution
		SolutionGuid = {00EA1418-C173-4706-84E9-DA1835A13C0B}
	EndGlobalSection
EndGlobal
